
Microsoft Visual Studio Solution File, Format Version 12.00
# Visual Studio Version 17
VisualStudioVersion = 17.9.34723.18
MinimumVisualStudioVersion = 10.0.40219.1
Project("{9A19103F-16F7-4668-BE54-9A1E7A4F7556}") = "IDThomasGreg.UI", "IDThomasGreg.UI\IDThomasGreg.UI.csproj", "{A9D0F0C5-BA58-4E00-8DF5-A1D15E74762D}"
EndProject
Project("{9A19103F-16F7-4668-BE54-9A1E7A4F7556}") = "IDThomasGreg.Domain", "IDThomasGreg.Domain\IDThomasGreg.Domain.csproj", "{1160F29B-D537-4CE7-B14D-515ACF680445}"
EndProject
Project("{9A19103F-16F7-4668-BE54-9A1E7A4F7556}") = "IDThomasGreg.IoC", "IDThomasGreg.IoC\IDThomasGreg.IoC.csproj", "{7D72F153-DA43-4A0C-BB04-1422DEF04351}"
EndProject
Project("{9A19103F-16F7-4668-BE54-9A1E7A4F7556}") = "IDThomasGreg.Data", "IDThomasGreg.Data\IDThomasGreg.Data.csproj", "{95053FBA-8EC0-4908-878B-AA776B094704}"
EndProject
Project("{2150E333-8FDC-42A3-9474-1A3956D46DE8}") = "Scripts", "Scripts", "{FEF33863-8C3A-40F0-8CC8-DA588C7DD0BA}"
	ProjectSection(SolutionItems) = preProject
		..\..\..\Downloads\dbo.AtualizaCliente.sql = ..\..\..\Downloads\dbo.AtualizaCliente.sql
		..\..\..\Downloads\dbo.CriarCliente.sql = ..\..\..\Downloads\dbo.CriarCliente.sql
		..\..\..\Downloads\dbo.RemoverCliente.sql = ..\..\..\Downloads\dbo.RemoverCliente.sql
		..\..\..\Downloads\dbo.VisualizaCliente.sql = ..\..\..\Downloads\dbo.VisualizaCliente.sql
	EndProjectSection
EndProject
Global
	GlobalSection(SolutionConfigurationPlatforms) = preSolution
		Debug|Any CPU = Debug|Any CPU
		Release|Any CPU = Release|Any CPU
	EndGlobalSection
	GlobalSection(ProjectConfigurationPlatforms) = postSolution
		{A9D0F0C5-BA58-4E00-8DF5-A1D15E74762D}.Debug|Any CPU.ActiveCfg = Debug|Any CPU
		{A9D0F0C5-BA58-4E00-8DF5-A1D15E74762D}.Debug|Any CPU.Build.0 = Debug|Any CPU
		{A9D0F0C5-BA58-4E00-8DF5-A1D15E74762D}.Release|Any CPU.ActiveCfg = Release|Any CPU
		{A9D0F0C5-BA58-4E00-8DF5-A1D15E74762D}.Release|Any CPU.Build.0 = Release|Any CPU
		{1160F29B-D537-4CE7-B14D-515ACF680445}.Debug|Any CPU.ActiveCfg = Debug|Any CPU
		{1160F29B-D537-4CE7-B14D-515ACF680445}.Debug|Any CPU.Build.0 = Debug|Any CPU
		{1160F29B-D537-4CE7-B14D-515ACF680445}.Release|Any CPU.ActiveCfg = Release|Any CPU
		{1160F29B-D537-4CE7-B14D-515ACF680445}.Release|Any CPU.Build.0 = Release|Any CPU
		{7D72F153-DA43-4A0C-BB04-1422DEF04351}.Debug|Any CPU.ActiveCfg = Debug|Any CPU
		{7D72F153-DA43-4A0C-BB04-1422DEF04351}.Debug|Any CPU.Build.0 = Debug|Any CPU
		{7D72F153-DA43-4A0C-BB04-1422DEF04351}.Release|Any CPU.ActiveCfg = Release|Any CPU
		{7D72F153-DA43-4A0C-BB04-1422DEF04351}.Release|Any CPU.Build.0 = Release|Any CPU
		{95053FBA-8EC0-4908-878B-AA776B094704}.Debug|Any CPU.ActiveCfg = Debug|Any CPU
		{95053FBA-8EC0-4908-878B-AA776B094704}.Debug|Any CPU.Build.0 = Debug|Any CPU
		{95053FBA-8EC0-4908-878B-AA776B094704}.Release|Any CPU.ActiveCfg = Release|Any CPU
		{95053FBA-8EC0-4908-878B-AA776B094704}.Release|Any CPU.Build.0 = Release|Any CPU
	EndGlobalSection
	GlobalSection(SolutionProperties) = preSolution
		HideSolutionNode = FALSE
	EndGlobalSection
	GlobalSection(ExtensibilityGlobals) = postSolution
		SolutionGuid = {D145022D-939C-4BF4-9B46-775A324DA56A}
	EndGlobalSection
EndGlobal
